
Microsoft Visual Studio Solution File, Format Version 12.00
# Visual Studio Version 17
VisualStudioVersion = 17.0.31903.59
MinimumVisualStudioVersion = 10.0.40219.1
Project("{FAE04EC0-301F-11D3-BF4B-00C04F79EFBC}") = "Digitalia.API", "Digitalia.API\Digitalia.API.csproj", "{56E88965-E5E1-4071-8498-C97823D71974}"
EndProject
Project("{FAE04EC0-301F-11D3-BF4B-00C04F79EFBC}") = "Digitalia.DataAccess", "Digitalia.DataAccess\Digitalia.DataAccess.csproj", "{3A0A4F62-F7E3-49EB-9987-282B6FE53EAF}"
EndProject
Project("{FAE04EC0-301F-11D3-BF4B-00C04F79EFBC}") = "Digitalia.Models", "Digitalia.Models\Digitalia.Models.csproj", "{C4066DE6-126C-42EB-80A0-85CE14A53DA7}"
EndProject
Project("{FAE04EC0-301F-11D3-BF4B-00C04F79EFBC}") = "Digitalia.Dtos", "Digitalia.Dtos\Digitalia.Dtos.csproj", "{49A43CDA-C954-431A-8EE4-F09171839341}"
EndProject
Project("{FAE04EC0-301F-11D3-BF4B-00C04F79EFBC}") = "Digitalia.Test", "Digitalia.Test\Digitalia.Test.csproj", "{833EF6EB-886D-4A6A-B907-3F3EA79C5E0B}"
EndProject
Project("{FAE04EC0-301F-11D3-BF4B-00C04F79EFBC}") = "Digitalia.BusinessLogic", "Digitalia.BusinessLogic\Digitalia.BusinessLogic.csproj", "{973ABD37-5B38-4495-A18E-9A9F3AFA16BD}"
EndProject
Global
	GlobalSection(SolutionConfigurationPlatforms) = preSolution
		Debug|Any CPU = Debug|Any CPU
		Release|Any CPU = Release|Any CPU
	EndGlobalSection
	GlobalSection(SolutionProperties) = preSolution
		HideSolutionNode = FALSE
	EndGlobalSection
	GlobalSection(ProjectConfigurationPlatforms) = postSolution
		{56E88965-E5E1-4071-8498-C97823D71974}.Debug|Any CPU.ActiveCfg = Debug|Any CPU
		{56E88965-E5E1-4071-8498-C97823D71974}.Debug|Any CPU.Build.0 = Debug|Any CPU
		{56E88965-E5E1-4071-8498-C97823D71974}.Release|Any CPU.ActiveCfg = Release|Any CPU
		{56E88965-E5E1-4071-8498-C97823D71974}.Release|Any CPU.Build.0 = Release|Any CPU
		{3A0A4F62-F7E3-49EB-9987-282B6FE53EAF}.Debug|Any CPU.ActiveCfg = Debug|Any CPU
		{3A0A4F62-F7E3-49EB-9987-282B6FE53EAF}.Debug|Any CPU.Build.0 = Debug|Any CPU
		{3A0A4F62-F7E3-49EB-9987-282B6FE53EAF}.Release|Any CPU.ActiveCfg = Release|Any CPU
		{3A0A4F62-F7E3-49EB-9987-282B6FE53EAF}.Release|Any CPU.Build.0 = Release|Any CPU
		{C4066DE6-126C-42EB-80A0-85CE14A53DA7}.Debug|Any CPU.ActiveCfg = Debug|Any CPU
		{C4066DE6-126C-42EB-80A0-85CE14A53DA7}.Debug|Any CPU.Build.0 = Debug|Any CPU
		{C4066DE6-126C-42EB-80A0-85CE14A53DA7}.Release|Any CPU.ActiveCfg = Release|Any CPU
		{C4066DE6-126C-42EB-80A0-85CE14A53DA7}.Release|Any CPU.Build.0 = Release|Any CPU
		{49A43CDA-C954-431A-8EE4-F09171839341}.Debug|Any CPU.ActiveCfg = Debug|Any CPU
		{49A43CDA-C954-431A-8EE4-F09171839341}.Debug|Any CPU.Build.0 = Debug|Any CPU
		{49A43CDA-C954-431A-8EE4-F09171839341}.Release|Any CPU.ActiveCfg = Release|Any CPU
		{49A43CDA-C954-431A-8EE4-F09171839341}.Release|Any CPU.Build.0 = Release|Any CPU
		{833EF6EB-886D-4A6A-B907-3F3EA79C5E0B}.Debug|Any CPU.ActiveCfg = Debug|Any CPU
		{833EF6EB-886D-4A6A-B907-3F3EA79C5E0B}.Debug|Any CPU.Build.0 = Debug|Any CPU
		{833EF6EB-886D-4A6A-B907-3F3EA79C5E0B}.Release|Any CPU.ActiveCfg = Release|Any CPU
		{833EF6EB-886D-4A6A-B907-3F3EA79C5E0B}.Release|Any CPU.Build.0 = Release|Any CPU
		{973ABD37-5B38-4495-A18E-9A9F3AFA16BD}.Debug|Any CPU.ActiveCfg = Debug|Any CPU
		{973ABD37-5B38-4495-A18E-9A9F3AFA16BD}.Debug|Any CPU.Build.0 = Debug|Any CPU
		{973ABD37-5B38-4495-A18E-9A9F3AFA16BD}.Release|Any CPU.ActiveCfg = Release|Any CPU
		{973ABD37-5B38-4495-A18E-9A9F3AFA16BD}.Release|Any CPU.Build.0 = Release|Any CPU
	EndGlobalSection
EndGlobal
